PODS:
  - GoogleMaps (2.4.0):
    - GoogleMaps/Maps (= 2.4.0)
  - GoogleMaps/Base (2.4.0)
  - GoogleMaps/Maps (2.4.0):
    - GoogleMaps/Base
  - MBProgressHUD (1.0.0)
  - OHHTTPStubs (6.0.0):
    - OHHTTPStubs/Default (= 6.0.0)
  - OHHTTPStubs/Core (6.0.0)
  - OHHTTPStubs/Default (6.0.0):
    - OHHTTPStubs/Core
    - OHHTTPStubs/JSON
    - OHHTTPStubs/NSURLSession
    - OHHTTPStubs/OHPathHelpers
  - OHHTTPStubs/JSON (6.0.0):
    - OHHTTPStubs/Core
  - OHHTTPStubs/NSURLSession (6.0.0):
    - OHHTTPStubs/Core
  - OHHTTPStubs/OHPathHelpers (6.0.0)

DEPENDENCIES:
  - GoogleMaps (~> 2.4)
  - MBProgressHUD (~> 1.0)
  - OHHTTPStubs (~> 6.0)

SPEC CHECKSUMS:
  GoogleMaps: 8436ab5d1c25e36915b2f7416d0c8e3fa2e76c61
  MBProgressHUD: 4890f671c94e8a0f3cf959aa731e9de2f036d71a
  OHHTTPStubs: 752f9b11fd810a15162d50f11c06ff94f8e012eb

PODFILE CHECKSUM: b3c25d2096bd69d616292af4d78cd10ef17fb144

COCOAPODS: 1.1.1
